
Microsoft Visual Studio Solution File, Format Version 12.00
# Visual Studio 15
VisualStudioVersion = 15.0.28307.960
MinimumVisualStudioVersion = 10.0.40219.1
Project("{FAE04EC0-301F-11D3-BF4B-00C04F79EFBC}") = "Museum.DAL", "Museum.DAL\Museum.DAL.csproj", "{A881A262-C92D-41A9-A174-F149EA8F0E9D}"
EndProject
Project("{FAE04EC0-301F-11D3-BF4B-00C04F79EFBC}") = "Museum.BLL", "Museum.BLL\Museum.BLL.csproj", "{3A6D77BD-7829-4D00-82C2-430C25AE90FA}"
EndProject
Project("{FAE04EC0-301F-11D3-BF4B-00C04F79EFBC}") = "Museum.PL", "Museum.PL\Museum.PL.csproj", "{41A5D265-26C1-4695-8E69-11AEAE3335B1}"
EndProject
Project("{FAE04EC0-301F-11D3-BF4B-00C04F79EFBC}") = "Museum.UoW", "Museum.UoW\Museum.UoW.csproj", "{5AB2C8FE-B1F3-4801-AE53-6359770A2F36}"
EndProject
Project("{FAE04EC0-301F-11D3-BF4B-00C04F79EFBC}") = "Museum.BLL.Tests", "Museum.BLL.Tests\Museum.BLL.Tests.csproj", "{11973133-17FA-4D48-A224-480A9FD7D528}"
EndProject
Project("{FAE04EC0-301F-11D3-BF4B-00C04F79EFBC}") = "Museum.Web", "Museum.Web\Museum.Web.csproj", "{2F54B5E0-6491-49F0-A3FE-225620E541F8}"
EndProject
Global
	GlobalSection(SolutionConfigurationPlatforms) = preSolution
		Debug|Any CPU = Debug|Any CPU
		Release|Any CPU = Release|Any CPU
	EndGlobalSection
	GlobalSection(ProjectConfigurationPlatforms) = postSolution
		{A881A262-C92D-41A9-A174-F149EA8F0E9D}.Debug|Any CPU.ActiveCfg = Debug|Any CPU
		{A881A262-C92D-41A9-A174-F149EA8F0E9D}.Debug|Any CPU.Build.0 = Debug|Any CPU
		{A881A262-C92D-41A9-A174-F149EA8F0E9D}.Release|Any CPU.ActiveCfg = Release|Any CPU
		{A881A262-C92D-41A9-A174-F149EA8F0E9D}.Release|Any CPU.Build.0 = Release|Any CPU
		{3A6D77BD-7829-4D00-82C2-430C25AE90FA}.Debug|Any CPU.ActiveCfg = Debug|Any CPU
		{3A6D77BD-7829-4D00-82C2-430C25AE90FA}.Debug|Any CPU.Build.0 = Debug|Any CPU
		{3A6D77BD-7829-4D00-82C2-430C25AE90FA}.Release|Any CPU.ActiveCfg = Release|Any CPU
		{3A6D77BD-7829-4D00-82C2-430C25AE90FA}.Release|Any CPU.Build.0 = Release|Any CPU
		{41A5D265-26C1-4695-8E69-11AEAE3335B1}.Debug|Any CPU.ActiveCfg = Debug|Any CPU
		{41A5D265-26C1-4695-8E69-11AEAE3335B1}.Debug|Any CPU.Build.0 = Debug|Any CPU
		{41A5D265-26C1-4695-8E69-11AEAE3335B1}.Release|Any CPU.ActiveCfg = Release|Any CPU
		{41A5D265-26C1-4695-8E69-11AEAE3335B1}.Release|Any CPU.Build.0 = Release|Any CPU
		{5AB2C8FE-B1F3-4801-AE53-6359770A2F36}.Debug|Any CPU.ActiveCfg = Debug|Any CPU
		{5AB2C8FE-B1F3-4801-AE53-6359770A2F36}.Debug|Any CPU.Build.0 = Debug|Any CPU
		{5AB2C8FE-B1F3-4801-AE53-6359770A2F36}.Release|Any CPU.ActiveCfg = Release|Any CPU
		{5AB2C8FE-B1F3-4801-AE53-6359770A2F36}.Release|Any CPU.Build.0 = Release|Any CPU
		{11973133-17FA-4D48-A224-480A9FD7D528}.Debug|Any CPU.ActiveCfg = Debug|Any CPU
		{11973133-17FA-4D48-A224-480A9FD7D528}.Debug|Any CPU.Build.0 = Debug|Any CPU
		{11973133-17FA-4D48-A224-480A9FD7D528}.Release|Any CPU.ActiveCfg = Release|Any CPU
		{11973133-17FA-4D48-A224-480A9FD7D528}.Release|Any CPU.Build.0 = Release|Any CPU
		{2F54B5E0-6491-49F0-A3FE-225620E541F8}.Debug|Any CPU.ActiveCfg = Debug|Any CPU
		{2F54B5E0-6491-49F0-A3FE-225620E541F8}.Debug|Any CPU.Build.0 = Debug|Any CPU
		{2F54B5E0-6491-49F0-A3FE-225620E541F8}.Release|Any CPU.ActiveCfg = Release|Any CPU
		{2F54B5E0-6491-49F0-A3FE-225620E541F8}.Release|Any CPU.Build.0 = Release|Any CPU
	EndGlobalSection
	GlobalSection(SolutionProperties) = preSolution
		HideSolutionNode = FALSE
	EndGlobalSection
	GlobalSection(ExtensibilityGlobals) = postSolution
		SolutionGuid = {236C2A2A-F225-47B6-931D-65BDE3E95C2D}
	EndGlobalSection
EndGlobal
